# This file was autogenerated by uv via the following command:
#    uv pip compile requirements.txt --generate-hashes -o requirements.lock
annotated-types==0.7.0 \
    --hash=sha256:1f02e8b43a8fbbc3f3e0d4f0f4bfc8131bcb4eebe8849b8e5c773f3a1c582a53 \
    --hash=sha256:aff07c09a53a08bc8cfccb9c85b05f1aa9a2a6f23728d790723543408344ce89
    # via pydantic
anyio==4.13.0 \
    --hash=sha256:08b310f9e24a9594186fd75b4f73f4a4152069e3853f1ed8bfbf58369f4ad708 \
    --hash=sha256:334b70e641fd2221c1505b3890c69882fe4a2df910cba14d97019b90b24439dc
    # via
    #   httpx
    #   starlette
certifi==2026.4.22 \
    --hash=sha256:3cb2210c8f88ba2318d29b0388d1023c8492ff72ecdde4ebdaddbb13a31b1c4a \
    --hash=sha256:8d455352a37b71bf76a79caa83a3d6c25afee4a385d632127b6afb3963f1c580
    # via
    #   httpcore
    #   httpx
click==8.3.3 \
    --hash=sha256:398329ad4837b2ff7cbe1dd166a4c0f8900c3ca3a218de04466f38f6497f18a2 \
    --hash=sha256:a2bf429bb3033c89fa4936ffb35d5cb471e3719e1f3c8a7c3fff0b8314305613
    # via uvicorn
fastapi==0.115.0 \
    --hash=sha256:17ea427674467486e997206a5ab25760f6b09e069f099b96f5b55a32fb6f1631 \
    --hash=sha256:f93b4ca3529a8ebc6fc3fcf710e5efa8de3df9b41570958abf1d97d843138004
    # via -r requirements.txt
h11==0.16.0 \
    --hash=sha256:4e35b956cf45792e4caa5885e69fba00bdbc6ffafbfa020300e549b208ee5ff1 \
    --hash=sha256:63cf8bbe7522de3bf65932fda1d9c2772064ffb3dae62d55932da54b31cb6c86
    # via
    #   httpcore
    #   uvicorn
h2==4.3.0 \
    --hash=sha256:6c59efe4323fa18b47a632221a1888bd7fde6249819beda254aeca909f221bf1 \
    --hash=sha256:c438f029a25f7945c69e0ccf0fb951dc3f73a5f6412981daee861431b70e2bdd
    # via httpx
hpack==4.1.0 \
    --hash=sha256:157ac792668d995c657d93111f46b4535ed114f0c9c8d672271bbec7eae1b496 \
    --hash=sha256:ec5eca154f7056aa06f196a557655c5b009b382873ac8d1e66e79e87535f1dca
    # via h2
httpcore==1.0.9 \
    --hash=sha256:2d400746a40668fc9dec9810239072b40b4484b640a8c38fd654a024c7a1bf55 \
    --hash=sha256:6e34463af53fd2ab5d807f399a9b45ea31c3dfa2276f15a2c3f00afff6e176e8
    # via httpx
httpx==0.27.0 \
    --hash=sha256:71d5465162c13681bff01ad59b2cc68dd838ea1f10e51574bac27103f00c91a5 \
    --hash=sha256:a0cb88a46f32dc874e04ee956e4c2764aba2aa228f650b06788ba6bda2962ab5
    # via -r requirements.txt
hyperframe==6.1.0 \
    --hash=sha256:b03380493a519fce58ea5af42e4a42317bf9bd425596f7a0835ffce80f1a42e5 \
    --hash=sha256:f630908a00854a7adeabd6382b43923a4c4cd4b821fcb527e6ab9e15382a3b08
    # via h2
idna==3.13 \
    --hash=sha256:585ea8fe5d69b9181ec1afba340451fba6ba764af97026f92a91d4eef164a242 \
    --hash=sha256:892ea0cde124a99ce773decba204c5552b69c3c67ffd5f232eb7696135bc8bb3
    # via
    #   anyio
    #   httpx
iniconfig==2.3.0 \
    --hash=sha256:c76315c77db068650d49c5b56314774a7804df16fee4402c1f19d6d15d8c4730 \
    --hash=sha256:f631c04d2c48c52b84d0d0549c99ff3859c98df65b3101406327ecc7d53fbf12
    # via pytest
numpy==2.2.6 \
    --hash=sha256:038613e9fb8c72b0a41f025a7e4c3f0b7a1b5d768ece4796b674c8f3fe13efff \
    --hash=sha256:0678000bb9ac1475cd454c6b8c799206af8107e310843532b04d49649c717a47 \
    --hash=sha256:0811bb762109d9708cca4d0b13c4f67146e3c3b7cf8d34018c722adb2d957c84 \
    --hash=sha256:0b605b275d7bd0c640cad4e5d30fa701a8d59302e127e5f79138ad62762c3e3d \
    --hash=sha256:0bca768cd85ae743b2affdc762d617eddf3bcf8724435498a1e80132d04879e6 \
    --hash=sha256:1bc23a79bfabc5d056d106f9befb8d50c31ced2fbc70eedb8155aec74a45798f \
    --hash=sha256:287cc3162b6f01463ccd86be154f284d0893d2b3ed7292439ea97eafa8170e0b \
    --hash=sha256:37c0ca431f82cd5fa716eca9506aefcabc247fb27ba69c5062a6d3ade8cf8f49 \
    --hash=sha256:37e990a01ae6ec7fe7fa1c26c55ecb672dd98b19c3d0e1d1f326fa13cb38d163 \
    --hash=sha256:389d771b1623ec92636b0786bc4ae56abafad4a4c513d36a55dce14bd9ce8571 \
    --hash=sha256:3d70692235e759f260c3d837193090014aebdf026dfd167834bcba43e30c2a42 \
    --hash=sha256:41c5a21f4a04fa86436124d388f6ed60a9343a6f767fced1a8a71c3fbca038ff \
    --hash=sha256:481b49095335f8eed42e39e8041327c05b0f6f4780488f61286ed3c01368d491 \
    --hash=sha256:4eeaae00d789f66c7a25ac5f34b71a7035bb474e679f410e5e1a94deb24cf2d4 \
    --hash=sha256:55a4d33fa519660d69614a9fad433be87e5252f4b03850642f88993f7b2ca566 \
    --hash=sha256:5a6429d4be8ca66d889b7cf70f536a397dc45ba6faeb5f8c5427935d9592e9cf \
    --hash=sha256:5bd4fc3ac8926b3819797a7c0e2631eb889b4118a9898c84f585a54d475b7e40 \
    --hash=sha256:5beb72339d9d4fa36522fc63802f469b13cdbe4fdab4a288f0c441b74272ebfd \
    --hash=sha256:6031dd6dfecc0cf9f668681a37648373bddd6421fff6c66ec1624eed0180ee06 \
    --hash=sha256:71594f7c51a18e728451bb50cc60a3ce4e6538822731b2933209a1f3614e9282 \
    --hash=sha256:74d4531beb257d2c3f4b261bfb0fc09e0f9ebb8842d82a7b4209415896adc680 \
    --hash=sha256:7befc596a7dc9da8a337f79802ee8adb30a552a94f792b9c9d18c840055907db \
    --hash=sha256:894b3a42502226a1cac872f840030665f33326fc3dac8e57c607905773cdcde3 \
    --hash=sha256:8e41fd67c52b86603a91c1a505ebaef50b3314de0213461c7a6e99c9a3beff90 \
    --hash=sha256:8e9ace4a37db23421249ed236fdcdd457d671e25146786dfc96835cd951aa7c1 \
    --hash=sha256:8fc377d995680230e83241d8a96def29f204b5782f371c532579b4f20607a289 \
    --hash=sha256:9551a499bf125c1d4f9e250377c1ee2eddd02e01eac6644c080162c0c51778ab \
    --hash=sha256:b0544343a702fa80c95ad5d3d608ea3599dd54d4632df855e4c8d24eb6ecfa1c \
    --hash=sha256:b093dd74e50a8cba3e873868d9e93a85b78e0daf2e98c6797566ad8044e8363d \
    --hash=sha256:b412caa66f72040e6d268491a59f2c43bf03eb6c96dd8f0307829feb7fa2b6fb \
    --hash=sha256:b4f13750ce79751586ae2eb824ba7e1e8dba64784086c98cdbbcc6a42112ce0d \
    --hash=sha256:b64d8d4d17135e00c8e346e0a738deb17e754230d7e0810ac5012750bbd85a5a \
    --hash=sha256:ba10f8411898fc418a521833e014a77d3ca01c15b0c6cdcce6a0d2897e6dbbdf \
    --hash=sha256:bd48227a919f1bafbdda0583705e547892342c26fb127219d60a5c36882609d1 \
    --hash=sha256:c1f9540be57940698ed329904db803cf7a402f3fc200bfe599334c9bd84a40b2 \
    --hash=sha256:c820a93b0255bc360f53eca31a0e676fd1101f673dda8da93454a12e23fc5f7a \
    --hash=sha256:ce47521a4754c8f4593837384bd3424880629f718d87c5d44f8ed763edd63543 \
    --hash=sha256:d042d24c90c41b54fd506da306759e06e568864df8ec17ccc17e9e884634fd00 \
    --hash=sha256:de749064336d37e340f640b05f24e9e3dd678c57318c7289d222a8a2f543e90c \
    --hash=sha256:e1dda9c7e08dc141e0247a5b8f49cf05984955246a327d4c48bda16821947b2f \
    --hash=sha256:e29554e2bef54a90aa5cc07da6ce955accb83f21ab5de01a62c8478897b264fd \
    --hash=sha256:e3143e4451880bed956e706a3220b4e5cf6172ef05fcc397f6f36a550b1dd868 \
    --hash=sha256:e8213002e427c69c45a52bbd94163084025f533a55a59d6f9c5b820774ef3303 \
    --hash=sha256:efd28d4e9cd7d7a8d39074a4d44c63eda73401580c5c76acda2ce969e0a38e83 \
    --hash=sha256:f0fd6321b839904e15c46e0d257fdd101dd7f530fe03fd6359c1ea63738703f3 \
    --hash=sha256:f1372f041402e37e5e633e586f62aa53de2eac8d98cbfb822806ce4bbefcb74d \
    --hash=sha256:f2618db89be1b4e05f7a1a847a9c1c0abd63e63a1607d892dd54668dd92faf87 \
    --hash=sha256:f447e6acb680fd307f40d3da4852208af94afdfab89cf850986c3ca00562f4fa \
    --hash=sha256:f92729c95468a2f4f15e9bb94c432a9229d0d50de67304399627a943201baa2f \
    --hash=sha256:f9f1adb22318e121c5c69a09142811a201ef17ab257a1e66ca3025065b7f53ae \
    --hash=sha256:fc0c5673685c508a142ca65209b4e79ed6740a4ed6b2267dbba90f34b0b3cfda \
    --hash=sha256:fc7b73d02efb0e18c000e9ad8b83480dfcd5dfd11065997ed4c6747470ae8915 \
    --hash=sha256:fd83c01228a688733f1ded5201c678f0c53ecc1006ffbc404db9f7a899ac6249 \
    --hash=sha256:fe27749d33bb772c80dcd84ae7e8df2adc920ae8297400dabec45f0dedb3f6de \
    --hash=sha256:fee4236c876c4e8369388054d02d0e9bb84821feb1a64dd59e137e6511a551f8
    # via -r requirements.txt
packaging==26.2 \
    --hash=sha256:5fc45236b9446107ff2415ce77c807cee2862cb6fac22b8a73826d0693b0980e \
    --hash=sha256:ff452ff5a3e828ce110190feff1178bb1f2ea2281fa2075aadb987c2fb221661
    # via pytest
pluggy==1.6.0 \
    --hash=sha256:7dcc130b76258d33b90f61b658791dede3486c3e6bfb003ee5c9bfb396dd22f3 \
    --hash=sha256:e920276dd6813095e9377c0bc5566d94c932c33b27a3e3945d8389c374dd4746
    # via pytest
pydantic==2.9.0 \
    --hash=sha256:c7a8a9fdf7d100afa49647eae340e2d23efa382466a8d177efcd1381e9be5598 \
    --hash=sha256:f66a7073abd93214a20c5f7b32d56843137a7a2e70d02111f3be287035c45370
    # via
    #   -r requirements.txt
    #   fastapi
pydantic-core==2.23.2 \
    --hash=sha256:0102e49ac7d2df3379ef8d658d3bc59d3d769b0bdb17da189b75efa861fc07b4 \
    --hash=sha256:0123655fedacf035ab10c23450163c2f65a4174f2bb034b188240a6cf06bb123 \
    --hash=sha256:043ef8469f72609c4c3a5e06a07a1f713d53df4d53112c6d49207c0bd3c3bd9b \
    --hash=sha256:0448b81c3dfcde439551bb04a9f41d7627f676b12701865c8a2574bcea034437 \
    --hash=sha256:05b366fb8fe3d8683b11ac35fa08947d7b92be78ec64e3277d03bd7f9b7cda79 \
    --hash=sha256:07049ec9306ec64e955b2e7c40c8d77dd78ea89adb97a2013d0b6e055c5ee4c5 \
    --hash=sha256:084414ffe9a85a52940b49631321d636dadf3576c30259607b75516d131fecd0 \
    --hash=sha256:086c5db95157dc84c63ff9d96ebb8856f47ce113c86b61065a066f8efbe80acf \
    --hash=sha256:12625e69b1199e94b0ae1c9a95d000484ce9f0182f9965a26572f054b1537e44 \
    --hash=sha256:16b25a4a120a2bb7dab51b81e3d9f3cde4f9a4456566c403ed29ac81bf49744f \
    --hash=sha256:19f1352fe4b248cae22a89268720fc74e83f008057a652894f08fa931e77dced \
    --hash=sha256:1a2ab4f410f4b886de53b6bddf5dd6f337915a29dd9f22f20f3099659536b2f6 \
    --hash=sha256:1c7b81beaf7c7ebde978377dc53679c6cba0e946426fc7ade54251dfe24a7604 \
    --hash=sha256:1cf842265a3a820ebc6388b963ead065f5ce8f2068ac4e1c713ef77a67b71f7c \
    --hash=sha256:1eb37f7d6a8001c0f86dc8ff2ee8d08291a536d76e49e78cda8587bb54d8b329 \
    --hash=sha256:23af245b8f2f4ee9e2c99cb3f93d0e22fb5c16df3f2f643f5a8da5caff12a653 \
    --hash=sha256:257d6a410a0d8aeb50b4283dea39bb79b14303e0fab0f2b9d617701331ed1515 \
    --hash=sha256:276ae78153a94b664e700ac362587c73b84399bd1145e135287513442e7dfbc7 \
    --hash=sha256:2b1a195efd347ede8bcf723e932300292eb13a9d2a3c1f84eb8f37cbbc905b7f \
    --hash=sha256:329a721253c7e4cbd7aad4a377745fbcc0607f9d72a3cc2102dd40519be75ed2 \
    --hash=sha256:358331e21a897151e54d58e08d0219acf98ebb14c567267a87e971f3d2a3be59 \
    --hash=sha256:3649bd3ae6a8ebea7dc381afb7f3c6db237fc7cebd05c8ac36ca8a4187b03b30 \
    --hash=sha256:3713dc093d5048bfaedbba7a8dbc53e74c44a140d45ede020dc347dda18daf3f \
    --hash=sha256:3ef71ec876fcc4d3bbf2ae81961959e8d62f8d74a83d116668409c224012e3af \
    --hash=sha256:41ae8537ad371ec018e3c5da0eb3f3e40ee1011eb9be1da7f965357c4623c501 \
    --hash=sha256:4a801c5e1e13272e0909c520708122496647d1279d252c9e6e07dac216accc41 \
    --hash=sha256:4c83c64d05ffbbe12d4e8498ab72bdb05bcc1026340a4a597dc647a13c1605ec \
    --hash=sha256:4cebb9794f67266d65e7e4cbe5dcf063e29fc7b81c79dc9475bd476d9534150e \
    --hash=sha256:5668b3173bb0b2e65020b60d83f5910a7224027232c9f5dc05a71a1deac9f960 \
    --hash=sha256:56e6a12ec8d7679f41b3750ffa426d22b44ef97be226a9bab00a03365f217b2b \
    --hash=sha256:582871902e1902b3c8e9b2c347f32a792a07094110c1bca6c2ea89b90150caac \
    --hash=sha256:5c8aa40f6ca803f95b1c1c5aeaee6237b9e879e4dfb46ad713229a63651a95fb \
    --hash=sha256:5d813fd871b3d5c3005157622ee102e8908ad6011ec915a18bd8fde673c4360e \
    --hash=sha256:5dd0ec5f514ed40e49bf961d49cf1bc2c72e9b50f29a163b2cc9030c6742aa73 \
    --hash=sha256:5f3cf3721eaf8741cffaf092487f1ca80831202ce91672776b02b875580e174a \
    --hash=sha256:6294907eaaccf71c076abdd1c7954e272efa39bb043161b4b8aa1cd76a16ce43 \
    --hash=sha256:64d094ea1aa97c6ded4748d40886076a931a8bf6f61b6e43e4a1041769c39dd2 \
    --hash=sha256:6650a7bbe17a2717167e3e23c186849bae5cef35d38949549f1c116031b2b3aa \
    --hash=sha256:67b6655311b00581914aba481729971b88bb8bc7996206590700a3ac85e457b8 \
    --hash=sha256:6b06c5d4e8701ac2ba99a2ef835e4e1b187d41095a9c619c5b185c9068ed2a49 \
    --hash=sha256:6ce883906810b4c3bd90e0ada1f9e808d9ecf1c5f0b60c6b8831d6100bcc7dd6 \
    --hash=sha256:6db09153d8438425e98cdc9a289c5fade04a5d2128faff8f227c459da21b9703 \
    --hash=sha256:6f80fba4af0cb1d2344869d56430e304a51396b70d46b91a55ed4959993c0589 \
    --hash=sha256:743e5811b0c377eb830150d675b0847a74a44d4ad5ab8845923d5b3a756d8100 \
    --hash=sha256:753294d42fb072aa1775bfe1a2ba1012427376718fa4c72de52005a3d2a22178 \
    --hash=sha256:7568f682c06f10f30ef643a1e8eec4afeecdafde5c4af1b574c6df079e96f96c \
    --hash=sha256:7706e15cdbf42f8fab1e6425247dfa98f4a6f8c63746c995d6a2017f78e619ae \
    --hash=sha256:785e7f517ebb9890813d31cb5d328fa5eda825bb205065cde760b3150e4de1f7 \
    --hash=sha256:7a05c0240f6c711eb381ac392de987ee974fa9336071fb697768dfdb151345ce \
    --hash=sha256:7ce7eaf9a98680b4312b7cebcdd9352531c43db00fca586115845df388f3c465 \
    --hash=sha256:7ce8e26b86a91e305858e018afc7a6e932f17428b1eaa60154bd1f7ee888b5f8 \
    --hash=sha256:7d0324a35ab436c9d768753cbc3c47a865a2cbc0757066cb864747baa61f6ece \
    --hash=sha256:7e9b24cca4037a561422bf5dc52b38d390fb61f7bfff64053ce1b72f6938e6b2 \
    --hash=sha256:810ca06cca91de9107718dc83d9ac4d2e86efd6c02cba49a190abcaf33fb0472 \
    --hash=sha256:820f6ee5c06bc868335e3b6e42d7ef41f50dfb3ea32fbd523ab679d10d8741c0 \
    --hash=sha256:82764c0bd697159fe9947ad59b6db6d7329e88505c8f98990eb07e84cc0a5d81 \
    --hash=sha256:8ae65fdfb8a841556b52935dfd4c3f79132dc5253b12c0061b96415208f4d622 \
    --hash=sha256:8d5b0ff3218858859910295df6953d7bafac3a48d5cd18f4e3ed9999efd2245f \
    --hash=sha256:95d6bf449a1ac81de562d65d180af5d8c19672793c81877a2eda8fde5d08f2fd \
    --hash=sha256:964c7aa318da542cdcc60d4a648377ffe1a2ef0eb1e996026c7f74507b720a78 \
    --hash=sha256:96ef39add33ff58cd4c112cbac076726b96b98bb8f1e7f7595288dcfb2f10b57 \
    --hash=sha256:a6612c2a844043e4d10a8324c54cdff0042c558eef30bd705770793d70b224aa \
    --hash=sha256:a8031074a397a5925d06b590121f8339d34a5a74cfe6970f8a1124eb8b83f4ac \
    --hash=sha256:aab9e522efff3993a9e98ab14263d4e20211e62da088298089a03056980a3e69 \
    --hash=sha256:ae579143826c6f05a361d9546446c432a165ecf1c0b720bbfd81152645cb897d \
    --hash=sha256:ae90b9e50fe1bd115b24785e962b51130340408156d34d67b5f8f3fa6540938e \
    --hash=sha256:b18cf68255a476b927910c6873d9ed00da692bb293c5b10b282bd48a0afe3ae2 \
    --hash=sha256:b7efb12e5071ad8d5b547487bdad489fbd4a5a35a0fc36a1941517a6ad7f23e0 \
    --hash=sha256:c4d9f15ffe68bcd3898b0ad7233af01b15c57d91cd1667f8d868e0eacbfe3f87 \
    --hash=sha256:c53100c8ee5a1e102766abde2158077d8c374bee0639201f11d3032e3555dfbc \
    --hash=sha256:c57e493a0faea1e4c38f860d6862ba6832723396c884fbf938ff5e9b224200e2 \
    --hash=sha256:c8319e0bd6a7b45ad76166cc3d5d6a36c97d0c82a196f478c3ee5346566eebfd \
    --hash=sha256:caffda619099cfd4f63d48462f6aadbecee3ad9603b4b88b60cb821c1b258576 \
    --hash=sha256:cc0c316fba3ce72ac3ab7902a888b9dc4979162d320823679da270c2d9ad0cad \
    --hash=sha256:cdd02a08205dc90238669f082747612cb3c82bd2c717adc60f9b9ecadb540f80 \
    --hash=sha256:d50ac34835c6a4a0d456b5db559b82047403c4317b3bc73b3455fefdbdc54b0a \
    --hash=sha256:d6b9dd6aa03c812017411734e496c44fef29b43dba1e3dd1fa7361bbacfc1354 \
    --hash=sha256:da3131ef2b940b99106f29dfbc30d9505643f766704e14c5d5e504e6a480c35e \
    --hash=sha256:da43cbe593e3c87d07108d0ebd73771dc414488f1f91ed2e204b0370b94b37ac \
    --hash=sha256:dd59638025160056687d598b054b64a79183f8065eae0d3f5ca523cde9943940 \
    --hash=sha256:e1895e949f8849bc2757c0dbac28422a04be031204df46a56ab34bcf98507342 \
    --hash=sha256:e1a79ad49f346aa1a2921f31e8dbbab4d64484823e813a002679eaa46cba39e1 \
    --hash=sha256:e460475719721d59cd54a350c1f71c797c763212c836bf48585478c5514d2854 \
    --hash=sha256:e64ffaf8f6e17ca15eb48344d86a7a741454526f3a3fa56bc493ad9d7ec63936 \
    --hash=sha256:e6e3ccebdbd6e53474b0bb7ab8b88e83c0cfe91484b25e058e581348ee5a01a5 \
    --hash=sha256:e758d271ed0286d146cf7c04c539a5169a888dd0b57026be621547e756af55bc \
    --hash=sha256:f087879f1ffde024dd2788a30d55acd67959dcf6c431e9d3682d1c491a0eb474 \
    --hash=sha256:f477d26183e94eaafc60b983ab25af2a809a1b48ce4debb57b343f671b7a90b6 \
    --hash=sha256:fc535cb898ef88333cf317777ecdfe0faac1c2a3187ef7eb061b6f7ecf7e6bae
    # via pydantic
pytest==8.2.0 \
    --hash=sha256:1733f0620f6cda4095bbf0d9ff8022486e91892245bb9e7d5542c018f612f233 \
    --hash=sha256:d507d4482197eac0ba2bae2e9babf0672eb333017bcedaa5fb1a3d42c1174b3f
    # via
    #   -r requirements.txt
    #   pytest-asyncio
pytest-asyncio==0.23.7 \
    --hash=sha256:009b48127fbe44518a547bddd25611551b0e43ccdbf1e67d12479f569832c20b \
    --hash=sha256:5f5c72948f4c49e7db4f29f2521d4031f1c27f86e57b046126654083d4770268
    # via -r requirements.txt
python-dotenv==1.0.1 \
    --hash=sha256:e324ee90a023d808f1959c46bcbc04446a10ced277783dc6ee09987c37ec10ca \
    --hash=sha256:f7b63ef50f1b690dddf550d03497b66d609393b40b564ed0d674909a68ebf16a
    # via -r requirements.txt
sgp4==2.23 \
    --hash=sha256:0312155fe5ec1f224510508c2298ee810821e66cd075686b041d921fba2f5b3b \
    --hash=sha256:081aa74d55ee2d5c8c6a89e24915af069499ec66fe3ef01b58c4a93a741c4f47 \
    --hash=sha256:11962eee12a7422ebee88ef1b569851cd2db41830737f8c4669b2b5204ce2b39 \
    --hash=sha256:137adf0e0fbe4d9a514284bb809590c5a2c52dc506b977ec7896165df8bc2a5e \
    --hash=sha256:2d6b56adb8771f3092ff5d59697d19f6f3bf2510fcca03795eedae41a42624b2 \
    --hash=sha256:2e7b9c513efbdf2e27d88e2cd72599f5c2a930e6e8b2dd18ec7a1b62ad57ed58 \
    --hash=sha256:3423c1f7efcc72fb7bd92bd549812add1a8712fa7d9c3d475c187817ef844e77 \
    --hash=sha256:34efb27f9f281c76b5650c9a39a0b8f43d383d5575a4f7b3d4d597c9b7ff3d75 \
    --hash=sha256:3765d0efae2c537228311591691a8fd7d44686d5322810be15eb7f204688f336 \
    --hash=sha256:3884d50cba79f4dbeda16b4eb1d768bd3400b7a2c137a8c88eca056738bab94d \
    --hash=sha256:4536de17b1a501ca94a9d7ea336de0efc5bb22eb358d88d29a080d1c03d39326 \
    --hash=sha256:474598a642b77b2f2243ccdfb6204c92219f5182a261b8a89c09b9fef840fbd1 \
    --hash=sha256:4d954aa01a9f8c68a7b20e91ea6b5e0a195bb42b25e63698ea770d12c01927ea \
    --hash=sha256:4d9f4f39be2b85a4772a184cd4d160f9ed345116afcda79a0a1852ccfa12b030 \
    --hash=sha256:4f49aae8dff21747c5605d924f92149a4613b981ae13b31499390526cbcd2dba \
    --hash=sha256:54e77baeb145e77884754e4c6cbc92b008d00f12563e5175c3197b484b61a651 \
    --hash=sha256:5be9be672ad810f01db18f4515fca47e3e4502139642d077d06a187e0c9dc312 \
    --hash=sha256:6cd67a3eee025d62fff045807134ea4b1d377e0d88bea43a1e3153239b5d533b \
    --hash=sha256:6da74f4d0710445595ad8635bf29a608a6ef51d0ffdb5ae137d09fb7e32ac916 \
    --hash=sha256:7277523e83115d5e0c37bdb3d05fec924b6fdf0af0b1679bbb66455b8d00da61 \
    --hash=sha256:72868cd01169f45562954cdaaa9f1a2f738cac3c9ba3fdbd12b07a5f99bcb9d1 \
    --hash=sha256:7424adc1d5f8cf93bf6ddeb079a9122af25c8a6b9234e7ed71d1868e128afe4a \
    --hash=sha256:77db876e61e5740ad10deb368041411ec1be8d885b0890f37cd81fb12d294dd4 \
    --hash=sha256:7d55529102283821054ece00f95dd2b82843d1c72c80e39026c78e2f400ac9b9 \
    --hash=sha256:80eb86ebb66938542eb4b2fb660884538e48e14362e7b50313a6ecc888a93638 \
    --hash=sha256:90dbea63ea1f288ce90448b3d7a1e9728292f1b9c9fa61839053e9277d98e96f \
    --hash=sha256:9c71fec3278274a0edd5bb93ba83b22db5407040d95d62166e81fbd97633d756 \
    --hash=sha256:a1a67628ca344e1abaf6ff447ccfc1e5ea3d0d829cecf07aa05dea21b0119470 \
    --hash=sha256:b1ec001c6b5bd9a330ffa40d29ebf85f1cc2bfa558ba8f330efcb1aa50a8b733 \
    --hash=sha256:b80dd3c3ee73a1bc24c0f63316889b3eff32e623ca67a91774c9c92ac663e98c \
    --hash=sha256:c45fa362763b5ae955a52bfdf05fee8d98351d1fa9db8fd1809b4f380cd9b0c6 \
    --hash=sha256:cc08bc23327f7b3cd052e79b026f02a1da885a273f10fa2a78734e5fa5ccfddd \
    --hash=sha256:ce19d23a4276bab2bbba03ce5bbcc308c5472be69219d877f83d4b12c07f5ea1 \
    --hash=sha256:cf18eee8ce8dddee047785b3fb399ff45d1907e4d1e581a7466ac00798993d7e \
    --hash=sha256:d8addc53a2fb9f88dee6bfd401d2865b014cc0b57bf2cee69bdee8d9685d5429 \
    --hash=sha256:d9a777e4173194965ec9466b307c3a929770d058be303ead8179c251fc37ed2e \
    --hash=sha256:e5bb5e59ee41bdeb0beec5c9a156e82e4f5d9c8b7b5e950083f04ef66a8a7b61 \
    --hash=sha256:e7688173441f97680f4804e482e6ed47fb3a6341715f280ce38783fef7120c7c \
    --hash=sha256:e7b043fb0f628a3759ef649ee12b6e76ee65a0ec86b94dc41dfc90129fcbc81e \
    --hash=sha256:ebf585c09bebf7f7b9c89cff42e0f097654c4c5e092181fbbbee29c338dc11ed \
    --hash=sha256:ec6922c6086e3a6dec71a2df0e9c884ffa3edb7276daff36c6c8aa1e4fe711de \
    --hash=sha256:f07f11fc70fa76ad7f538bcff4ee960faab270279cbb2d1149b15cbb37696e86 \
    --hash=sha256:f612f8f33ba22425bf9975170586ad1b61648abe113f5b82e35a07a426597107 \
    --hash=sha256:ff8797c36e7dff0b13c7f6bc4c9bf6ad31590dc4509e6b9cfac26819e7a61769
    # via -r requirements.txt
sniffio==1.3.1 \
    --hash=sha256:2f6da418d1f1e0fddd844478f41680e794e6051915791a034ff65e5f100525a2 \
    --hash=sha256:f4324edc670a0f49750a81b895f35c3adb843cca46f0530f79fc1babb23789dc
    # via httpx
starlette==0.38.6 \
    --hash=sha256:4517a1409e2e73ee4951214ba012052b9e16f60e90d73cfb06192c19203bbb05 \
    --hash=sha256:863a1588f5574e70a821dadefb41e4881ea451a47a3cd1b4df359d4ffefe5ead
    # via fastapi
typing-extensions==4.15.0 \
    --hash=sha256:0cea48d173cc12fa28ecabc3b837ea3cf6f38c6d1136f85cbaaf598984861466 \
    --hash=sha256:f0fa19c6845758ab08074a0cfa8b7aecb71c999ca73d62883bc25cc018c4e548
    # via
    #   anyio
    #   fastapi
    #   pydantic
    #   pydantic-core
tzdata==2026.2 \
    --hash=sha256:9173fde7d80d9018e02a662e168e5a2d04f87c41ea174b139fbef642eda62d10 \
    --hash=sha256:bbe9af844f658da81a5f95019480da3a89415801f6cc966806612cc7169bffe7
    # via pydantic
uvicorn==0.30.0 \
    --hash=sha256:78fa0b5f56abb8562024a59041caeb555c86e48d0efdd23c3fe7de7a4075bdab \
    --hash=sha256:f678dec4fa3a39706bbf49b9ec5fc40049d42418716cea52b53f07828a60aa37
    # via -r requirements.txt
